
Microsoft Visual Studio Solution File, Format Version 12.00
# Visual Studio Version 17
VisualStudioVersion = 17.6.33829.357
MinimumVisualStudioVersion = 10.0.40219.1
Project("{FAE04EC0-301F-11D3-BF4B-00C04F79EFBC}") = "MoonOtel", "MoonOtel\MoonOtel.csproj", "{5A32143F-5B74-4E59-A3AC-4E15DFC10D97}"
EndProject
Global
	GlobalSection(SolutionConfigurationPlatforms) = preSolution
		Debug|Any CPU = Debug|Any CPU
		Release|Any CPU = Release|Any CPU
	EndGlobalSection
	GlobalSection(ProjectConfigurationPlatforms) = postSolution
		{5A32143F-5B74-4E59-A3AC-4E15DFC10D97}.Debug|Any CPU.ActiveCfg = Debug|Any CPU
		{5A32143F-5B74-4E59-A3AC-4E15DFC10D97}.Debug|Any CPU.Build.0 = Debug|Any CPU
		{5A32143F-5B74-4E59-A3AC-4E15DFC10D97}.Release|Any CPU.ActiveCfg = Release|Any CPU
		{5A32143F-5B74-4E59-A3AC-4E15DFC10D97}.Release|Any CPU.Build.0 = Release|Any CPU
	EndGlobalSection
	GlobalSection(SolutionProperties) = preSolution
		HideSolutionNode = FALSE
	EndGlobalSection
	GlobalSection(ExtensibilityGlobals) = postSolution
		SolutionGuid = {A53C5495-1C95-4EC0-AB90-881525A71EF5}
	EndGlobalSection
EndGlobal
